// !$*UTF8*$!
{
	archiveVersion = 1;
	classes = {
	};
	objectVersion = 46;
	objects = {

/* Begin PBXBuildFile section */
		8454BF7C1BF96AEA0060B877 /* AppDelegate.swift in Sources */ = {isa = PBXBuildFile; fileRef = 8454BF7B1BF96AEA0060B877 /* AppDelegate.swift */; };
		8454BF7E1BF96AEA0060B877 /* ViewController.swift in Sources */ = {isa = PBXBuildFile; fileRef = 8454BF7D1BF96AEA0060B877 /* ViewController.swift */; };
		8454BF811BF96AEA0060B877 /* Main.storyboard in Resources */ = {isa = PBXBuildFile; fileRef = 8454BF7F1BF96AEA0060B877 /* Main.storyboard */; };
		8454BF841BF96AEA0060B877 /* movies2.xcdatamodeld in Sources */ = {isa = PBXBuildFile; fileRef = 8454BF821BF96AEA0060B877 /* movies2.xcdatamodeld */; };
		8454BF861BF96AEA0060B877 /* Assets.xcassets in Resources */ = {isa = PBXBuildFile; fileRef = 8454BF851BF96AEA0060B877 /* Assets.xcassets */; };
		8454BF891BF96AEA0060B877 /* LaunchScreen.storyboard in Resources */ = {isa = PBXBuildFile; fileRef = 8454BF871BF96AEA0060B877 /* LaunchScreen.storyboard */; };
		8454BF951BF9B4950060B877 /* Movie+CoreDataProperties.swift in Sources */ = {isa = PBXBuildFile; fileRef = 8454BF931BF9B4950060B877 /* Movie+CoreDataProperties.swift */; };
		8454BF961BF9B4950060B877 /* Movie.swift in Sources */ = {isa = PBXBuildFile; fileRef = 8454BF941BF9B4950060B877 /* Movie.swift */; };
		8454BF981BF9C29A0060B877 /* MovieCell.swift in Sources */ = {isa = PBXBuildFile; fileRef = 8454BF971BF9C29A0060B877 /* MovieCell.swift */; };
		8454BF9A1BFB81580060B877 /* CreateMovieVC.swift in Sources */ = {isa = PBXBuildFile; fileRef = 8454BF991BFB81580060B877 /* CreateMovieVC.swift */; };
		84A61C9C1BFE2F840064BF22 /* DetailVC.swift in Sources */ = {isa = PBXBuildFile; fileRef = 84A61C9B1BFE2F840064BF22 /* DetailVC.swift */; };
/* End PBXBuildFile section */

/* Begin PBXFileReference section */
		8454BF781BF96AEA0060B877 /* movies2.app */ = {isa = PBXFileReference; explicitFileType = wrapper.application; includeInIndex = 0; path = movies2.app; sourceTree = BUILT_PRODUCTS_DIR; };
		8454BF7B1BF96AEA0060B877 /* AppDelegate.swift */ = {isa = PBXFileReference; lastKnownFileType = sourcecode.swift; path = AppDelegate.swift; sourceTree = "<group>"; };
		8454BF7D1BF96AEA0060B877 /* ViewController.swift */ = {isa = PBXFileReference; lastKnownFileType = sourcecode.swift; path = ViewController.swift; sourceTree = "<group>"; };
		8454BF801BF96AEA0060B877 /* Base */ = {isa = PBXFileReference; lastKnownFileType = file.storyboard; name = Base; path = Base.lproj/Main.storyboard; sourceTree = "<group>"; };
		8454BF831BF96AEA0060B877 /* movies2.xcdatamodel */ = {isa = PBXFileReference; lastKnownFileType = wrapper.xcdatamodel; path = movies2.xcdatamodel; sourceTree = "<group>"; };
		8454BF851BF96AEA0060B877 /* Assets.xcassets */ = {isa = PBXFileReference; lastKnownFileType = folder.assetcatalog; path = Assets.xcassets; sourceTree = "<group>"; };
		8454BF881BF96AEA0060B877 /* Base */ = {isa = PBXFileReference; lastKnownFileType = file.storyboard; name = Base; path = Base.lproj/LaunchScreen.storyboard; sourceTree = "<group>"; };
		8454BF8A1BF96AEA0060B877 /* Info.plist */ = {isa = PBXFileReference; lastKnownFileType = text.plist.xml; path = Info.plist; sourceTree = "<group>"; };
		8454BF931BF9B4950060B877 /* Movie+CoreDataProperties.swift */ = {isa = PBXFileReference; fileEncoding = 4; lastKnownFileType = sourcecode.swift; name = "Movie+CoreDataProperties.swift"; path = "../Movie+CoreDataProperties.swift"; sourceTree = "<group>"; };
		8454BF941BF9B4950060B877 /* Movie.swift */ = {isa = PBXFileReference; fileEncoding = 4; lastKnownFileType = sourcecode.swift; name = Movie.swift; path = ../Movie.swift; sourceTree = "<group>"; };
		8454BF971BF9C29A0060B877 /* MovieCell.swift */ = {isa = PBXFileReference; fileEncoding = 4; lastKnownFileType = sourcecode.swift; path = MovieCell.swift; sourceTree = "<group>"; };
		8454BF991BFB81580060B877 /* CreateMovieVC.swift */ = {isa = PBXFileReference; fileEncoding = 4; lastKnownFileType = sourcecode.swift; path = CreateMovieVC.swift; sourceTree = "<group>"; };
		84A61C9B1BFE2F840064BF22 /* DetailVC.swift */ = {isa = PBXFileReference; fileEncoding = 4; lastKnownFileType = sourcecode.swift; path = DetailVC.swift; sourceTree = "<group>"; };
/* End PBXFileReference section */

/* Begin PBXFrameworksBuildPhase section */
		8454BF751BF96AEA0060B877 /* Frameworks */ = {
			isa = PBXFrameworksBuildPhase;
			buildActionMask = 2147483647;
			files = (
			);
			runOnlyForDeploymentPostprocessing = 0;
		};
/* End PBXFrameworksBuildPhase section */

/* Begin PBXGroup section */
		8454BF6F1BF96AEA0060B877 = {
			isa = PBXGroup;
			children = (
				8454BF7A1BF96AEA0060B877 /* movies2 */,
				8454BF791BF96AEA0060B877 /* Products */,
			);
			sourceTree = "<group>";
		};
		8454BF791BF96AEA0060B877 /* Products */ = {
			isa = PBXGroup;
			children = (
				8454BF781BF96AEA0060B877 /* movies2.app */,
			);
			name = Products;
			sourceTree = "<group>";
		};
		8454BF7A1BF96AEA0060B877 /* movies2 */ = {
			isa = PBXGroup;
			children = (
				8454BF901BF9B3FE0060B877 /* Model */,
				8454BF911BF9B4050060B877 /* View */,
				8454BF921BF9B40A0060B877 /* Controller */,
				8454BF7B1BF96AEA0060B877 /* AppDelegate.swift */,
				8454BF7F1BF96AEA0060B877 /* Main.storyboard */,
				8454BF851BF96AEA0060B877 /* Assets.xcassets */,
				8454BF871BF96AEA0060B877 /* LaunchScreen.storyboard */,
				8454BF8A1BF96AEA0060B877 /* Info.plist */,
				8454BF821BF96AEA0060B877 /* movies2.xcdatamodeld */,
			);
			path = movies2;
			sourceTree = "<group>";
		};
		8454BF901BF9B3FE0060B877 /* Model */ = {
			isa = PBXGroup;
			children = (
				8454BF931BF9B4950060B877 /* Movie+CoreDataProperties.swift */,
				8454BF941BF9B4950060B877 /* Movie.swift */,
			);
			name = Model;
			sourceTree = "<group>";
		};
		8454BF911BF9B4050060B877 /* View */ = {
			isa = PBXGroup;
			children = (
				8454BF971BF9C29A0060B877 /* MovieCell.swift */,
			);
			name = View;
			sourceTree = "<group>";
		};
		8454BF921BF9B40A0060B877 /* Controller */ = {
			isa = PBXGroup;
			children = (
				84A61C9B1BFE2F840064BF22 /* DetailVC.swift */,
				8454BF991BFB81580060B877 /* CreateMovieVC.swift */,
				8454BF7D1BF96AEA0060B877 /* ViewController.swift */,
			);
			name = Controller;
			sourceTree = "<group>";
		};
/* End PBXGroup section */

/* Begin PBXNativeTarget section */
		8454BF771BF96AEA0060B877 /* movies2 */ = {
			isa = PBXNativeTarget;
			buildConfigurationList = 8454BF8D1BF96AEA0060B877 /* Build configuration list for PBXNativeTarget "movies2" */;
			buildPhases = (
				8454BF741BF96AEA0060B877 /* Sources */,
				8454BF751BF96AEA0060B877 /* Frameworks */,
				8454BF761BF96AEA0060B877 /* Resources */,
			);
			buildRules = (
			);
			dependencies = (
			);
			name = movies2;
			productName = movies2;
			productReference = 8454BF781BF96AEA0060B877 /* movies2.app */;
			productType = "com.apple.product-type.application";
		};
/* End PBXNativeTarget section */

/* Begin PBXProject section */
		8454BF701BF96AEA0060B877 /* Project object */ = {
			isa = PBXProject;
			attributes = {
				LastSwiftUpdateCheck = 0710;
				LastUpgradeCheck = 0710;
				ORGANIZATIONNAME = "Codezero Media";
				TargetAttributes = {
					8454BF771BF96AEA0060B877 = {
						CreatedOnToolsVersion = 7.1;
					};
				};
			};
			buildConfigurationList = 8454BF731BF96AEA0060B877 /* Build configuration list for PBXProject "movies2" */;
			compatibilityVersion = "Xcode 3.2";
			developmentRegion = English;
			hasScannedForEncodings = 0;
			knownRegions = (
				en,
				Base,
			);
			mainGroup = 8454BF6F1BF96AEA0060B877;
			productRefGroup = 8454BF791BF96AEA0060B877 /* Products */;
			projectDirPath = "";
			projectRoot = "";
			targets = (
				8454BF771BF96AEA0060B877 /* movies2 */,
			);
		};
/* End PBXProject section */

/* Begin PBXResourcesBuildPhase section */
		8454BF761BF96AEA0060B877 /* Resources */ = {
			isa = PBXResourcesBuildPhase;
			buildActionMask = 2147483647;
			files = (
				8454BF891BF96AEA0060B877 /* LaunchScreen.storyboard in Resources */,
				8454BF861BF96AEA0060B877 /* Assets.xcassets in Resources */,
				8454BF811BF96AEA0060B877 /* Main.storyboard in Resources */,
			);
			runOnlyForDeploymentPostprocessing = 0;
		};
/* End PBXResourcesBuildPhase section */

/* Begin PBXSourcesBuildPhase section */
		8454BF741BF96AEA0060B877 /* Sources */ = {
			isa = PBXSourcesBuildPhase;
			buildActionMask = 2147483647;
			files = (
				8454BF951BF9B4950060B877 /* Movie+CoreDataProperties.swift in Sources */,
				8454BF7E1BF96AEA0060B877 /* ViewController.swift in Sources */,
				8454BF981BF9C29A0060B877 /* MovieCell.swift in Sources */,
				8454BF9A1BFB81580060B877 /* CreateMovieVC.swift in Sources */,
				8454BF841BF96AEA0060B877 /* movies2.xcdatamodeld in Sources */,
				84A61C9C1BFE2F840064BF22 /* DetailVC.swift in Sources */,
				8454BF7C1BF96AEA0060B877 /* AppDelegate.swift in Sources */,
				8454BF961BF9B4950060B877 /* Movie.swift in Sources */,
			);
			runOnlyForDeploymentPostprocessing = 0;
		};
/* End PBXSourcesBuildPhase section */

/* Begin PBXVariantGroup section */
		8454BF7F1BF96AEA0060B877 /* Main.storyboard */ = {
			isa = PBXVariantGroup;
			children = (
				8454BF801BF96AEA0060B877 /* Base */,
			);
			name = Main.storyboard;
			sourceTree = "<group>";
		};
		8454BF871BF96AEA0060B877 /* LaunchScreen.storyboard */ = {
			isa = PBXVariantGroup;
			children = (
				8454BF881BF96AEA0060B877 /* Base */,
			);
			name = LaunchScreen.storyboard;
			sourceTree = "<group>";
		};
/* End PBXVariantGroup section */

/* Begin XCBuildConfiguration section */
		8454BF8B1BF96AEA0060B877 /* Debug */ = {
			isa = XCBuildConfiguration;
			buildSettings = {
				ALWAYS_SEARCH_USER_PATHS = NO;
				CLANG_CXX_LANGUAGE_STANDARD = "gnu++0x";
				CLANG_CXX_LIBRARY = "libc++";
				CLANG_ENABLE_MODULES = YES;
				CLANG_ENABLE_OBJC_ARC = YES;
				CLANG_WARN_BOOL_CONVERSION = YES;
				CLANG_WARN_CONSTANT_CONVERSION = YES;
				CLANG_WARN_DIRECT_OBJC_ISA_USAGE = YES_ERROR;
				CLANG_WARN_EMPTY_BODY = YES;
				CLANG_WARN_ENUM_CONVERSION = YES;
				CLANG_WARN_INT_CONVERSION = YES;
				CLANG_WARN_OBJC_ROOT_CLASS = YES_ERROR;
				CLANG_WARN_UNREACHABLE_CODE = YES;
				CLANG_WARN__DUPLICATE_METHOD_MATCH = YES;
				"CODE_SIGN_IDENTITY[sdk=iphoneos*]" = "iPhone Developer";
				COPY_PHASE_STRIP = NO;
				DEBUG_INFORMATION_FORMAT = dwarf;
				ENABLE_STRICT_OBJC_MSGSEND = YES;
				ENABLE_TESTABILITY = YES;
				GCC_C_LANGUAGE_STANDARD = gnu99;
				GCC_DYNAMIC_NO_PIC = NO;
				GCC_NO_COMMON_BLOCKS = YES;
				GCC_OPTIMIZATION_LEVEL = 0;
				GCC_PREPROCESSOR_DEFINITIONS = (
					"DEBUG=1",
					"$(inherited)",
				);
				GCC_WARN_64_TO_32_BIT_CONVERSION = YES;
				GCC_WARN_ABOUT_RETURN_TYPE = YES_ERROR;
				GCC_WARN_UNDECLARED_SELECTOR = YES;
				GCC_WARN_UNINITIALIZED_AUTOS = YES_AGGRESSIVE;
				GCC_WARN_UNUSED_FUNCTION = YES;
				GCC_WARN_UNUSED_VARIABLE = YES;
				IPHONEOS_DEPLOYMENT_TARGET = 9.1;
				MTL_ENABLE_DEBUG_INFO = YES;
				ONLY_ACTIVE_ARCH = YES;
				SDKROOT = iphoneos;
				SWIFT_OPTIMIZATION_LEVEL = "-Onone";
				TARGETED_DEVICE_FAMILY = "1,2";
			};
			name = Debug;
		};
		8454BF8C1BF96AEA0060B877 /* Release */ = {
			isa = XCBuildConfiguration;
			buildSettings = {
				ALWAYS_SEARCH_USER_PATHS = NO;
				CLANG_CXX_LANGUAGE_STANDARD = "gnu++0x";
				CLANG_CXX_LIBRARY = "libc++";
				CLANG_ENABLE_MODULES = YES;
				CLANG_ENABLE_OBJC_ARC = YES;
				CLANG_WARN_BOOL_CONVERSION = YES;
				CLANG_WARN_CONSTANT_CONVERSION = YES;
				CLANG_WARN_DIRECT_OBJC_ISA_USAGE = YES_ERROR;
				CLANG_WARN_EMPTY_BODY = YES;
				CLANG_WARN_ENUM_CONVERSION = YES;
				CLANG_WARN_INT_CONVERSION = YES;
				CLANG_WARN_OBJC_ROOT_CLASS = YES_ERROR;
				CLANG_WARN_UNREACHABLE_CODE = YES;
				CLANG_WARN__DUPLICATE_METHOD_MATCH = YES;
				"CODE_SIGN_IDENTITY[sdk=iphoneos*]" = "iPhone Developer";
				COPY_PHASE_STRIP = NO;
				DEBUG_INFORMATION_FORMAT = "dwarf-with-dsym";
				ENABLE_NS_ASSERTIONS = NO;
				ENABLE_STRICT_OBJC_MSGSEND = YES;
				GCC_C_LANGUAGE_STANDARD = gnu99;
				GCC_NO_COMMON_BLOCKS = YES;
				GCC_WARN_64_TO_32_BIT_CONVERSION = YES;
				GCC_WARN_ABOUT_RETURN_TYPE = YES_ERROR;
				GCC_WARN_UNDECLARED_SELECTOR = YES;
				GCC_WARN_UNINITIALIZED_AUTOS = YES_AGGRESSIVE;
				GCC_WARN_UNUSED_FUNCTION = YES;
				GCC_WARN_UNUSED_VARIABLE = YES;
				IPHONEOS_DEPLOYMENT_TARGET = 9.1;
				MTL_ENABLE_DEBUG_INFO = NO;
				SDKROOT = iphoneos;
				TARGETED_DEVICE_FAMILY = "1,2";
				VALIDATE_PRODUCT = YES;
			};
			name = Release;
		};
		8454BF8E1BF96AEA0060B877 /* Debug */ = {
			isa = XCBuildConfiguration;
			buildSettings = {
				ASSETCATALOG_COMPILER_APPICON_NAME = AppIcon;
				INFOPLIST_FILE = movies2/Info.plist;
				LD_RUNPATH_SEARCH_PATHS = "$(inherited) @executable_path/Frameworks";
				PRODUCT_BUNDLE_IDENTIFIER = com.codezeromedia.movies2;
				PRODUCT_NAME = "$(TARGET_NAME)";
			};
			name = Debug;
		};
		8454BF8F1BF96AEA0060B877 /* Release */ = {
			isa = XCBuildConfiguration;
			buildSettings = {
				ASSETCATALOG_COMPILER_APPICON_NAME = AppIcon;
				INFOPLIST_FILE = movies2/Info.plist;
				LD_RUNPATH_SEARCH_PATHS = "$(inherited) @executable_path/Frameworks";
				PRODUCT_BUNDLE_IDENTIFIER = com.codezeromedia.movies2;
				PRODUCT_NAME = "$(TARGET_NAME)";
			};
			name = Release;
		};
/* End XCBuildConfiguration section */

/* Begin XCConfigurationList section */
		8454BF731BF96AEA0060B877 /* Build configuration list for PBXProject "movies2" */ = {
			isa = XCConfigurationList;
			buildConfigurations = (
				8454BF8B1BF96AEA0060B877 /* Debug */,
				8454BF8C1BF96AEA0060B877 /* Release */,
			);
			defaultConfigurationIsVisible = 0;
			defaultConfigurationName = Release;
		};
		8454BF8D1BF96AEA0060B877 /* Build configuration list for PBXNativeTarget "movies2" */ = {
			isa = XCConfigurationList;
			buildConfigurations = (
				8454BF8E1BF96AEA0060B877 /* Debug */,
				8454BF8F1BF96AEA0060B877 /* Release */,
			);
			defaultConfigurationIsVisible = 0;
			defaultConfigurationName = Release;
		};
/* End XCConfigurationList section */

/* Begin XCVersionGroup section */
		8454BF821BF96AEA0060B877 /* movies2.xcdatamodeld */ = {
			isa = XCVersionGroup;
			children = (
				8454BF831BF96AEA0060B877 /* movies2.xcdatamodel */,
			);
			currentVersion = 8454BF831BF96AEA0060B877 /* movies2.xcdatamodel */;
			path = movies2.xcdatamodeld;
			sourceTree = "<group>";
			versionGroupType = wrapper.xcdatamodel;
		};
/* End XCVersionGroup section */
	};
	rootObject = 8454BF701BF96AEA0060B877 /* Project object */;
}
